Microsoft Visual Studio Solution File, Format Version 11.00
# Visual Studio 2008

Project("{EB479FED-30F9-B0A1-FAF5-E33DB424FC7B}") = "Modern_SI", "Assembly-CSharp.csproj", "{8DDDFEB2-1985-212B-8E9F-5816C3021CDC}"
EndProject
Global
	GlobalSection(SolutionConfigurationPlatforms) = preSolution
		Debug|Any CPU = Debug|Any CPU
		Release|Any CPU = Release|Any CPU
	EndGlobalSection
	GlobalSection(ProjectConfigurationPlatforms) = postSolution
		{8DDDFEB2-1985-212B-8E9F-5816C3021CDC}.Debug|Any CPU.ActiveCfg = Debug|Any CPU
		{8DDDFEB2-1985-212B-8E9F-5816C3021CDC}.Debug|Any CPU.Build.0 = Debug|Any CPU
		{8DDDFEB2-1985-212B-8E9F-5816C3021CDC}.Release|Any CPU.ActiveCfg = Release|Any CPU
		{8DDDFEB2-1985-212B-8E9F-5816C3021CDC}.Release|Any CPU.Build.0 = Release|Any CPU
	EndGlobalSection
	GlobalSection(SolutionProperties) = preSolution
		HideSolutionNode = FALSE
	EndGlobalSection
	GlobalSection(MonoDevelopProperties) = preSolution
		StartupItem = Assembly-CSharp.csproj
	EndGlobalSection
EndGlobal
